// !$*UTF8*$!
{
	archiveVersion = 1;
	classes = {
	};
	objectVersion = 51;
	objects = {

/* Begin PBXBuildFile section */
		82639A65E4D824AB7EBC9CE6 /* Pods_Real_time_tracker.framework in Frameworks */ = {isa = PBXBuildFile; fileRef = DD8737379D52E1F3CBABF353 /* Pods_Real_time_tracker.framework */; };
		CE864C78264819080050E331 /* AppDelegate.swift in Sources */ = {isa = PBXBuildFile; fileRef = CE864C77264819080050E331 /* AppDelegate.swift */; };
		CE864C7A264819080050E331 /* SceneDelegate.swift in Sources */ = {isa = PBXBuildFile; fileRef = CE864C79264819080050E331 /* SceneDelegate.swift */; };
		CE864C7C264819080050E331 /* ViewController.swift in Sources */ = {isa = PBXBuildFile; fileRef = CE864C7B264819080050E331 /* ViewController.swift */; };
		CE864C7F264819080050E331 /* Main.storyboard in Resources */ = {isa = PBXBuildFile; fileRef = CE864C7D264819080050E331 /* Main.storyboard */; };
		CE864C81264819090050E331 /* Assets.xcassets in Resources */ = {isa = PBXBuildFile; fileRef = CE864C80264819090050E331 /* Assets.xcassets */; };
		CE864C84264819090050E331 /* LaunchScreen.storyboard in Resources */ = {isa = PBXBuildFile; fileRef = CE864C82264819090050E331 /* LaunchScreen.storyboard */; };
		D9A1D1B5264823B800ACD409 /* LocationSocketManager.swift in Sources */ = {isa = PBXBuildFile; fileRef = D9A1D1B4264823B800ACD409 /* LocationSocketManager.swift */; };
		D9A1D1B9264826DF00ACD409 /* MapKit.framework in Frameworks */ = {isa = PBXBuildFile; fileRef = D9A1D1B8264826DF00ACD409 /* MapKit.framework */; };
		D9A1D1BC2648315200ACD409 /* MapViewController.swift in Sources */ = {isa = PBXBuildFile; fileRef = D9A1D1BB2648315200ACD409 /* MapViewController.swift */; };
/* End PBXBuildFile section */

/* Begin PBXFileReference section */
		3AA71202ED2F1C1D70F8BCB6 /* Pods-Real time tracker.debug.xcconfig */ = {isa = PBXFileReference; includeInIndex = 1; lastKnownFileType = text.xcconfig; name = "Pods-Real time tracker.debug.xcconfig"; path = "Target Support Files/Pods-Real time tracker/Pods-Real time tracker.debug.xcconfig"; sourceTree = "<group>"; };
		4C17B8E896D5BCA72E56E23E /* Pods-Real time tracker.release.xcconfig */ = {isa = PBXFileReference; includeInIndex = 1; lastKnownFileType = text.xcconfig; name = "Pods-Real time tracker.release.xcconfig"; path = "Target Support Files/Pods-Real time tracker/Pods-Real time tracker.release.xcconfig"; sourceTree = "<group>"; };
		CE864C74264819080050E331 /* Real time tracker.app */ = {isa = PBXFileReference; explicitFileType = wrapper.application; includeInIndex = 0; path = "Real time tracker.app"; sourceTree = BUILT_PRODUCTS_DIR; };
		CE864C77264819080050E331 /* AppDelegate.swift */ = {isa = PBXFileReference; lastKnownFileType = sourcecode.swift; path = AppDelegate.swift; sourceTree = "<group>"; };
		CE864C79264819080050E331 /* SceneDelegate.swift */ = {isa = PBXFileReference; lastKnownFileType = sourcecode.swift; path = SceneDelegate.swift; sourceTree = "<group>"; };
		CE864C7B264819080050E331 /* ViewController.swift */ = {isa = PBXFileReference; lastKnownFileType = sourcecode.swift; path = ViewController.swift; sourceTree = "<group>"; };
		CE864C7E264819080050E331 /* Base */ = {isa = PBXFileReference; lastKnownFileType = file.storyboard; name = Base; path = Base.lproj/Main.storyboard; sourceTree = "<group>"; };
		CE864C80264819090050E331 /* Assets.xcassets */ = {isa = PBXFileReference; lastKnownFileType = folder.assetcatalog; path = Assets.xcassets; sourceTree = "<group>"; };
		CE864C83264819090050E331 /* Base */ = {isa = PBXFileReference; lastKnownFileType = file.storyboard; name = Base; path = Base.lproj/LaunchScreen.storyboard; sourceTree = "<group>"; };
		CE864C85264819090050E331 /* Info.plist */ = {isa = PBXFileReference; lastKnownFileType = text.plist.xml; path = Info.plist; sourceTree = "<group>"; };
		D9A1D1B4264823B800ACD409 /* LocationSocketManager.swift */ = {isa = PBXFileReference; lastKnownFileType = sourcecode.swift; path = LocationSocketManager.swift; sourceTree = "<group>"; };
		D9A1D1B8264826DF00ACD409 /* MapKit.framework */ = {isa = PBXFileReference; lastKnownFileType = wrapper.framework; name = MapKit.framework; path = System/Library/Frameworks/MapKit.framework; sourceTree = SDKROOT; };
		D9A1D1BB2648315200ACD409 /* MapViewController.swift */ = {isa = PBXFileReference; lastKnownFileType = sourcecode.swift; path = MapViewController.swift; sourceTree = "<group>"; };
		DD8737379D52E1F3CBABF353 /* Pods_Real_time_tracker.framework */ = {isa = PBXFileReference; explicitFileType = wrapper.framework; includeInIndex = 0; path = Pods_Real_time_tracker.framework; sourceTree = BUILT_PRODUCTS_DIR; };
/* End PBXFileReference section */

/* Begin PBXFrameworksBuildPhase section */
		CE864C71264819080050E331 /* Frameworks */ = {
			isa = PBXFrameworksBuildPhase;
			buildActionMask = 2147483647;
			files = (
				D9A1D1B9264826DF00ACD409 /* MapKit.framework in Frameworks */,
				82639A65E4D824AB7EBC9CE6 /* Pods_Real_time_tracker.framework in Frameworks */,
			);
			runOnlyForDeploymentPostprocessing = 0;
		};
/* End PBXFrameworksBuildPhase section */

/* Begin PBXGroup section */
		6C124BFB0C6B61D79445AAB9 /* Pods */ = {
			isa = PBXGroup;
			children = (
				3AA71202ED2F1C1D70F8BCB6 /* Pods-Real time tracker.debug.xcconfig */,
				4C17B8E896D5BCA72E56E23E /* Pods-Real time tracker.release.xcconfig */,
			);
			path = Pods;
			sourceTree = "<group>";
		};
		BDF085FD15DF20B28069E880 /* Frameworks */ = {
			isa = PBXGroup;
			children = (
				D9A1D1B8264826DF00ACD409 /* MapKit.framework */,
				DD8737379D52E1F3CBABF353 /* Pods_Real_time_tracker.framework */,
			);
			name = Frameworks;
			sourceTree = "<group>";
		};
		CE864C6B264819080050E331 = {
			isa = PBXGroup;
			children = (
				CE864C76264819080050E331 /* Real time tracker */,
				CE864C75264819080050E331 /* Products */,
				6C124BFB0C6B61D79445AAB9 /* Pods */,
				BDF085FD15DF20B28069E880 /* Frameworks */,
			);
			sourceTree = "<group>";
		};
		CE864C75264819080050E331 /* Products */ = {
			isa = PBXGroup;
			children = (
				CE864C74264819080050E331 /* Real time tracker.app */,
			);
			name = Products;
			sourceTree = "<group>";
		};
		CE864C76264819080050E331 /* Real time tracker */ = {
			isa = PBXGroup;
			children = (
				D9A1D1B32648236B00ACD409 /* Managers */,
				CE864C85264819090050E331 /* Info.plist */,
				CE864C9226481ACF0050E331 /* Storyboards */,
				CE864C9826481B2C0050E331 /* Supporting Files */,
				CE864C9326481AF20050E331 /* Views */,
			);
			path = "Real time tracker";
			sourceTree = "<group>";
		};
		CE864C9226481ACF0050E331 /* Storyboards */ = {
			isa = PBXGroup;
			children = (
				CE864C82264819090050E331 /* LaunchScreen.storyboard */,
				CE864C7D264819080050E331 /* Main.storyboard */,
			);
			path = Storyboards;
			sourceTree = "<group>";
		};
		CE864C9326481AF20050E331 /* Views */ = {
			isa = PBXGroup;
			children = (
				CE864C7B264819080050E331 /* ViewController.swift */,
				D9A1D1BB2648315200ACD409 /* MapViewController.swift */,
			);
			path = Views;
			sourceTree = "<group>";
		};
		CE864C9826481B2C0050E331 /* Supporting Files */ = {
			isa = PBXGroup;
			children = (
				CE864C77264819080050E331 /* AppDelegate.swift */,
				CE864C80264819090050E331 /* Assets.xcassets */,
				CE864C79264819080050E331 /* SceneDelegate.swift */,
			);
			path = "Supporting Files";
			sourceTree = "<group>";
		};
		D9A1D1B32648236B00ACD409 /* Managers */ = {
			isa = PBXGroup;
			children = (
				D9A1D1B4264823B800ACD409 /* LocationSocketManager.swift */,
			);
			path = Managers;
			sourceTree = "<group>";
		};
/* End PBXGroup section */

/* Begin PBXNativeTarget section */
		CE864C73264819080050E331 /* Real time tracker */ = {
			isa = PBXNativeTarget;
			buildConfigurationList = CE864C88264819090050E331 /* Build configuration list for PBXNativeTarget "Real time tracker" */;
			buildPhases = (
				2A804522FEA4A4AE052C91BE /* [CP] Check Pods Manifest.lock */,
				CE864C70264819080050E331 /* Sources */,
				CE864C71264819080050E331 /* Frameworks */,
				CE864C72264819080050E331 /* Resources */,
				6B682633C821CAA9B1C4569D /* [CP] Embed Pods Frameworks */,
			);
			buildRules = (
			);
			dependencies = (
			);
			name = "Real time tracker";
			productName = "Real time tracker";
			productReference = CE864C74264819080050E331 /* Real time tracker.app */;
			productType = "com.apple.product-type.application";
		};
/* End PBXNativeTarget section */

/* Begin PBXProject section */
		CE864C6C264819080050E331 /* Project object */ = {
			isa = PBXProject;
			attributes = {
				LastSwiftUpdateCheck = 1240;
				LastUpgradeCheck = 1240;
				TargetAttributes = {
					CE864C73264819080050E331 = {
						CreatedOnToolsVersion = 12.4;
					};
				};
			};
			buildConfigurationList = CE864C6F264819080050E331 /* Build configuration list for PBXProject "Real time tracker" */;
			compatibilityVersion = "Xcode 9.3";
			developmentRegion = en;
			hasScannedForEncodings = 0;
			knownRegions = (
				en,
				Base,
			);
			mainGroup = CE864C6B264819080050E331;
			productRefGroup = CE864C75264819080050E331 /* Products */;
			projectDirPath = "";
			projectRoot = "";
			targets = (
				CE864C73264819080050E331 /* Real time tracker */,
			);
		};
/* End PBXProject section */

/* Begin PBXResourcesBuildPhase section */
		CE864C72264819080050E331 /* Resources */ = {
			isa = PBXResourcesBuildPhase;
			buildActionMask = 2147483647;
			files = (
				CE864C84264819090050E331 /* LaunchScreen.storyboard in Resources */,
				CE864C81264819090050E331 /* Assets.xcassets in Resources */,
				CE864C7F264819080050E331 /* Main.storyboard in Resources */,
			);
			runOnlyForDeploymentPostprocessing = 0;
		};
/* End PBXResourcesBuildPhase section */

/* Begin PBXShellScriptBuildPhase section */
		2A804522FEA4A4AE052C91BE /* [CP] Check Pods Manifest.lock */ = {
			isa = PBXShellScriptBuildPhase;
			buildActionMask = 2147483647;
			files = (
			);
			inputFileListPaths = (
			);
			inputPaths = (
				"${PODS_PODFILE_DIR_PATH}/Podfile.lock",
				"${PODS_ROOT}/Manifest.lock",
			);
			name = "[CP] Check Pods Manifest.lock";
			outputFileListPaths = (
			);
			outputPaths = (
				"$(DERIVED_FILE_DIR)/Pods-Real time tracker-checkManifestLockResult.txt",
			);
			runOnlyForDeploymentPostprocessing = 0;
			shellPath = /bin/sh;
			shellScript = "diff \"${PODS_PODFILE_DIR_PATH}/Podfile.lock\" \"${PODS_ROOT}/Manifest.lock\" > /dev/null\nif [ $? != 0 ] ; then\n    # print error to STDERR\n    echo \"error: The sandbox is not in sync with the Podfile.lock. Run 'pod install' or update your CocoaPods installation.\" >&2\n    exit 1\nfi\n# This output is used by Xcode 'outputs' to avoid re-running this script phase.\necho \"SUCCESS\" > \"${SCRIPT_OUTPUT_FILE_0}\"\n";
			showEnvVarsInLog = 0;
		};
		6B682633C821CAA9B1C4569D /* [CP] Embed Pods Frameworks */ = {
			isa = PBXShellScriptBuildPhase;
			buildActionMask = 2147483647;
			files = (
			);
			inputFileListPaths = (
				"${PODS_ROOT}/Target Support Files/Pods-Real time tracker/Pods-Real time tracker-frameworks-${CONFIGURATION}-input-files.xcfilelist",
			);
			name = "[CP] Embed Pods Frameworks";
			outputFileListPaths = (
				"${PODS_ROOT}/Target Support Files/Pods-Real time tracker/Pods-Real time tracker-frameworks-${CONFIGURATION}-output-files.xcfilelist",
			);
			runOnlyForDeploymentPostprocessing = 0;
			shellPath = /bin/sh;
			shellScript = "\"${PODS_ROOT}/Target Support Files/Pods-Real time tracker/Pods-Real time tracker-frameworks.sh\"\n";
			showEnvVarsInLog = 0;
		};
/* End PBXShellScriptBuildPhase section */

/* Begin PBXSourcesBuildPhase section */
		CE864C70264819080050E331 /* Sources */ = {
			isa = PBXSourcesBuildPhase;
			buildActionMask = 2147483647;
			files = (
				CE864C7C264819080050E331 /* ViewController.swift in Sources */,
				CE864C78264819080050E331 /* AppDelegate.swift in Sources */,
				CE864C7A264819080050E331 /* SceneDelegate.swift in Sources */,
				D9A1D1BC2648315200ACD409 /* MapViewController.swift in Sources */,
				D9A1D1B5264823B800ACD409 /* LocationSocketManager.swift in Sources */,
			);
			runOnlyForDeploymentPostprocessing = 0;
		};
/* End PBXSourcesBuildPhase section */

/* Begin PBXVariantGroup section */
		CE864C7D264819080050E331 /* Main.storyboard */ = {
			isa = PBXVariantGroup;
			children = (
				CE864C7E264819080050E331 /* Base */,
			);
			name = Main.storyboard;
			sourceTree = "<group>";
		};
		CE864C82264819090050E331 /* LaunchScreen.storyboard */ = {
			isa = PBXVariantGroup;
			children = (
				CE864C83264819090050E331 /* Base */,
			);
			name = LaunchScreen.storyboard;
			sourceTree = "<group>";
		};
/* End PBXVariantGroup section */

/* Begin XCBuildConfiguration section */
		CE864C86264819090050E331 /* Debug */ = {
			isa = XCBuildConfiguration;
			buildSettings = {
				ALWAYS_SEARCH_USER_PATHS = NO;
				CLANG_ANALYZER_NONNULL = YES;
				CLANG_ANALYZER_NUMBER_OBJECT_CONVERSION = YES_AGGRESSIVE;
				CLANG_CXX_LANGUAGE_STANDARD = "gnu++14";
				CLANG_CXX_LIBRARY = "libc++";
				CLANG_ENABLE_MODULES = YES;
				CLANG_ENABLE_OBJC_ARC = YES;
				CLANG_ENABLE_OBJC_WEAK = YES;
				CLANG_WARN_BLOCK_CAPTURE_AUTORELEASING = YES;
				CLANG_WARN_BOOL_CONVERSION = YES;
				CLANG_WARN_COMMA = YES;
				CLANG_WARN_CONSTANT_CONVERSION = YES;
				CLANG_WARN_DEPRECATED_OBJC_IMPLEMENTATIONS = YES;
				CLANG_WARN_DIRECT_OBJC_ISA_USAGE = YES_ERROR;
				CLANG_WARN_DOCUMENTATION_COMMENTS = YES;
				CLANG_WARN_EMPTY_BODY = YES;
				CLANG_WARN_ENUM_CONVERSION = YES;
				CLANG_WARN_INFINITE_RECURSION = YES;
				CLANG_WARN_INT_CONVERSION = YES;
				CLANG_WARN_NON_LITERAL_NULL_CONVERSION = YES;
				CLANG_WARN_OBJC_IMPLICIT_RETAIN_SELF = YES;
				CLANG_WARN_OBJC_LITERAL_CONVERSION = YES;
				CLANG_WARN_OBJC_ROOT_CLASS = YES_ERROR;
				CLANG_WARN_QUOTED_INCLUDE_IN_FRAMEWORK_HEADER = YES;
				CLANG_WARN_RANGE_LOOP_ANALYSIS = YES;
				CLANG_WARN_STRICT_PROTOTYPES = YES;
				CLANG_WARN_SUSPICIOUS_MOVE = YES;
				CLANG_WARN_UNGUARDED_AVAILABILITY = YES_AGGRESSIVE;
				CLANG_WARN_UNREACHABLE_CODE = YES;
				CLANG_WARN__DUPLICATE_METHOD_MATCH = YES;
				COPY_PHASE_STRIP = NO;
				DEBUG_INFORMATION_FORMAT = dwarf;
				ENABLE_STRICT_OBJC_MSGSEND = YES;
				ENABLE_TESTABILITY = YES;
				GCC_C_LANGUAGE_STANDARD = gnu11;
				GCC_DYNAMIC_NO_PIC = NO;
				GCC_NO_COMMON_BLOCKS = YES;
				GCC_OPTIMIZATION_LEVEL = 0;
				GCC_PREPROCESSOR_DEFINITIONS = (
					"DEBUG=1",
					"$(inherited)",
				);
				GCC_WARN_64_TO_32_BIT_CONVERSION = YES;
				GCC_WARN_ABOUT_RETURN_TYPE = YES_ERROR;
				GCC_WARN_UNDECLARED_SELECTOR = YES;
				GCC_WARN_UNINITIALIZED_AUTOS = YES_AGGRESSIVE;
				GCC_WARN_UNUSED_FUNCTION = YES;
				GCC_WARN_UNUSED_VARIABLE = YES;
				IPHONEOS_DEPLOYMENT_TARGET = 14.4;
				MTL_ENABLE_DEBUG_INFO = INCLUDE_SOURCE;
				MTL_FAST_MATH = YES;
				ONLY_ACTIVE_ARCH = YES;
				SDKROOT = iphoneos;
				SWIFT_ACTIVE_COMPILATION_CONDITIONS = DEBUG;
				SWIFT_OPTIMIZATION_LEVEL = "-Onone";
			};
			name = Debug;
		};
		CE864C87264819090050E331 /* Release */ = {
			isa = XCBuildConfiguration;
			buildSettings = {
				ALWAYS_SEARCH_USER_PATHS = NO;
				CLANG_ANALYZER_NONNULL = YES;
				CLANG_ANALYZER_NUMBER_OBJECT_CONVERSION = YES_AGGRESSIVE;
				CLANG_CXX_LANGUAGE_STANDARD = "gnu++14";
				CLANG_CXX_LIBRARY = "libc++";
				CLANG_ENABLE_MODULES = YES;
				CLANG_ENABLE_OBJC_ARC = YES;
				CLANG_ENABLE_OBJC_WEAK = YES;
				CLANG_WARN_BLOCK_CAPTURE_AUTORELEASING = YES;
				CLANG_WARN_BOOL_CONVERSION = YES;
				CLANG_WARN_COMMA = YES;
				CLANG_WARN_CONSTANT_CONVERSION = YES;
				CLANG_WARN_DEPRECATED_OBJC_IMPLEMENTATIONS = YES;
				CLANG_WARN_DIRECT_OBJC_ISA_USAGE = YES_ERROR;
				CLANG_WARN_DOCUMENTATION_COMMENTS = YES;
				CLANG_WARN_EMPTY_BODY = YES;
				CLANG_WARN_ENUM_CONVERSION = YES;
				CLANG_WARN_INFINITE_RECURSION = YES;
				CLANG_WARN_INT_CONVERSION = YES;
				CLANG_WARN_NON_LITERAL_NULL_CONVERSION = YES;
				CLANG_WARN_OBJC_IMPLICIT_RETAIN_SELF = YES;
				CLANG_WARN_OBJC_LITERAL_CONVERSION = YES;
				CLANG_WARN_OBJC_ROOT_CLASS = YES_ERROR;
				CLANG_WARN_QUOTED_INCLUDE_IN_FRAMEWORK_HEADER = YES;
				CLANG_WARN_RANGE_LOOP_ANALYSIS = YES;
				CLANG_WARN_STRICT_PROTOTYPES = YES;
				CLANG_WARN_SUSPICIOUS_MOVE = YES;
				CLANG_WARN_UNGUARDED_AVAILABILITY = YES_AGGRESSIVE;
				CLANG_WARN_UNREACHABLE_CODE = YES;
				CLANG_WARN__DUPLICATE_METHOD_MATCH = YES;
				COPY_PHASE_STRIP = NO;
				DEBUG_INFORMATION_FORMAT = "dwarf-with-dsym";
				ENABLE_NS_ASSERTIONS = NO;
				ENABLE_STRICT_OBJC_MSGSEND = YES;
				GCC_C_LANGUAGE_STANDARD = gnu11;
				GCC_NO_COMMON_BLOCKS = YES;
				GCC_WARN_64_TO_32_BIT_CONVERSION = YES;
				GCC_WARN_ABOUT_RETURN_TYPE = YES_ERROR;
				GCC_WARN_UNDECLARED_SELECTOR = YES;
				GCC_WARN_UNINITIALIZED_AUTOS = YES_AGGRESSIVE;
				GCC_WARN_UNUSED_FUNCTION = YES;
				GCC_WARN_UNUSED_VARIABLE = YES;
				IPHONEOS_DEPLOYMENT_TARGET = 14.4;
				MTL_ENABLE_DEBUG_INFO = NO;
				MTL_FAST_MATH = YES;
				SDKROOT = iphoneos;
				SWIFT_COMPILATION_MODE = wholemodule;
				SWIFT_OPTIMIZATION_LEVEL = "-O";
				VALIDATE_PRODUCT = YES;
			};
			name = Release;
		};
		CE864C89264819090050E331 /* Debug */ = {
			isa = XCBuildConfiguration;
			baseConfigurationReference = 3AA71202ED2F1C1D70F8BCB6 /* Pods-Real time tracker.debug.xcconfig */;
			buildSettings = {
				ASSETCATALOG_COMPILER_APPICON_NAME = AppIcon;
				ASSETCATALOG_COMPILER_GLOBAL_ACCENT_COLOR_NAME = AccentColor;
				CODE_SIGN_STYLE = Automatic;
				DEVELOPMENT_TEAM = PSLGB9A4YR;
				INFOPLIST_FILE = "Real time tracker/Info.plist";
				IPHONEOS_DEPLOYMENT_TARGET = 13.6;
				LD_RUNPATH_SEARCH_PATHS = (
					"$(inherited)",
					"@executable_path/Frameworks",
				);
				PRODUCT_BUNDLE_IDENTIFIER = com.gmail.khawarali5.RealTimeTracker;
				PRODUCT_NAME = "$(TARGET_NAME)";
				SWIFT_VERSION = 5.0;
				TARGETED_DEVICE_FAMILY = "1,2";
			};
			name = Debug;
		};
		CE864C8A264819090050E331 /* Release */ = {
			isa = XCBuildConfiguration;
			baseConfigurationReference = 4C17B8E896D5BCA72E56E23E /* Pods-Real time tracker.release.xcconfig */;
			buildSettings = {
				ASSETCATALOG_COMPILER_APPICON_NAME = AppIcon;
				ASSETCATALOG_COMPILER_GLOBAL_ACCENT_COLOR_NAME = AccentColor;
				CODE_SIGN_STYLE = Automatic;
				DEVELOPMENT_TEAM = PSLGB9A4YR;
				INFOPLIST_FILE = "Real time tracker/Info.plist";
				IPHONEOS_DEPLOYMENT_TARGET = 13.6;
				LD_RUNPATH_SEARCH_PATHS = (
					"$(inherited)",
					"@executable_path/Frameworks",
				);
				PRODUCT_BUNDLE_IDENTIFIER = com.gmail.khawarali5.RealTimeTracker;
				PRODUCT_NAME = "$(TARGET_NAME)";
				SWIFT_VERSION = 5.0;
				TARGETED_DEVICE_FAMILY = "1,2";
			};
			name = Release;
		};
/* End XCBuildConfiguration section */

/* Begin XCConfigurationList section */
		CE864C6F264819080050E331 /* Build configuration list for PBXProject "Real time tracker" */ = {
			isa = XCConfigurationList;
			buildConfigurations = (
				CE864C86264819090050E331 /* Debug */,
				CE864C87264819090050E331 /* Release */,
			);
			defaultConfigurationIsVisible = 0;
			defaultConfigurationName = Release;
		};
		CE864C88264819090050E331 /* Build configuration list for PBXNativeTarget "Real time tracker" */ = {
			isa = XCConfigurationList;
			buildConfigurations = (
				CE864C89264819090050E331 /* Debug */,
				CE864C8A264819090050E331 /* Release */,
			);
			defaultConfigurationIsVisible = 0;
			defaultConfigurationName = Release;
		};
/* End XCConfigurationList section */
	};
	rootObject = CE864C6C264819080050E331 /* Project object */;
}
